Microsoft Visual Studio Solution File, Format Version 12.00
# Visual Studio Version 17
VisualStudioVersion = 17.5.2.0
MinimumVisualStudioVersion = 10.0.40219.1
Project("{FAE04EC0-301F-11D3-BF4B-00C04F79EFBC}") = "ArticleAPI", "ArticleAPI.csproj", "{7A80AEE4-9424-AC77-93A9-4D9C5C7AA1AA}"
EndProject
Global
	GlobalSection(SolutionConfigurationPlatforms) = preSolution
		Debug|Any CPU = Debug|Any CPU
		Release|Any CPU = Release|Any CPU
	EndGlobalSection
	GlobalSection(ProjectConfigurationPlatforms) = postSolution
		{7A80AEE4-9424-AC77-93A9-4D9C5C7AA1AA}.Debug|Any CPU.ActiveCfg = Debug|Any CPU
		{7A80AEE4-9424-AC77-93A9-4D9C5C7AA1AA}.Debug|Any CPU.Build.0 = Debug|Any CPU
		{7A80AEE4-9424-AC77-93A9-4D9C5C7AA1AA}.Release|Any CPU.ActiveCfg = Release|Any CPU
		{7A80AEE4-9424-AC77-93A9-4D9C5C7AA1AA}.Release|Any CPU.Build.0 = Release|Any CPU
	EndGlobalSection
	GlobalSection(SolutionProperties) = preSolution
		HideSolutionNode = FALSE
	EndGlobalSection
	GlobalSection(ExtensibilityGlobals) = postSolution
		SolutionGuid = {F01A8EAB-CBB2-4B6D-A451-9EE45D65F851}
	EndGlobalSection
EndGlobal
